
Microsoft Visual Studio Solution File, Format Version 12.00
# Visual Studio 15
VisualStudioVersion = 15.0.28010.2026
MinimumVisualStudioVersion = 10.0.40219.1
Project("{FAE04EC0-301F-11D3-BF4B-00C04F79EFBC}") = "GoogleStreetView", "GoogleStreetView\GoogleStreetView.csproj", "{EBA1DD9E-F775-4CAD-8159-0F29621ED42C}"
EndProject
Global
	GlobalSection(SolutionConfigurationPlatforms) = preSolution
		Debug|Any CPU = Debug|Any CPU
		Release|Any CPU = Release|Any CPU
	EndGlobalSection
	GlobalSection(ProjectConfigurationPlatforms) = postSolution
		{EBA1DD9E-F775-4CAD-8159-0F29621ED42C}.Debug|Any CPU.ActiveCfg = Debug|Any CPU
		{EBA1DD9E-F775-4CAD-8159-0F29621ED42C}.Debug|Any CPU.Build.0 = Debug|Any CPU
		{EBA1DD9E-F775-4CAD-8159-0F29621ED42C}.Release|Any CPU.ActiveCfg = Release|Any CPU
		{EBA1DD9E-F775-4CAD-8159-0F29621ED42C}.Release|Any CPU.Build.0 = Release|Any CPU
	EndGlobalSection
	GlobalSection(SolutionProperties) = preSolution
		HideSolutionNode = FALSE
	EndGlobalSection
	GlobalSection(ExtensibilityGlobals) = postSolution
		SolutionGuid = {C6A3BCFB-C261-4765-A991-DB7367B58476}
	EndGlobalSection
EndGlobal
